
Microsoft Visual Studio Solution File, Format Version 12.00
# Visual Studio Version 17
Project("{2150E333-8FDC-42A3-9474-1A3956D46DE8}") = "CMakePredefinedTargets", "CMakePredefinedTargets", "{19FDB026-23E4-37EA-B223-BDF538A72AC2}"
EndProject
Project("{2150E333-8FDC-42A3-9474-1A3956D46DE8}") = "CTestDashboardTargets", "CTestDashboardTargets", "{5AEF5CF7-F3C8-3B85-888F-CEC55CBE63D9}"
EndProject
Project("{8BC9CEB8-8B4A-11D0-8D11-00A0C91BC942}") = "ALL_BUILD", "ALL_BUILD.vcxproj", "{2ED191F5-E42C-3C7D-ACAB-39533DAB6E2E}"
	ProjectSection(ProjectDependencies) = postProject
		{6B37868A-D447-35AD-B7C8-27F17AE220CF} = {6B37868A-D447-35AD-B7C8-27F17AE220CF}
		{5AA88402-3189-311E-BAEB-B0CC3101BB41} = {5AA88402-3189-311E-BAEB-B0CC3101BB41}
	EndProjectSection
EndProject
Project("{8BC9CEB8-8B4A-11D0-8D11-00A0C91BC942}") = "Continuous", "Continuous.vcxproj", "{A30EB0D9-87BB-39A5-8FAF-5958091ECD5A}"
	ProjectSection(ProjectDependencies) = postProject
		{6B37868A-D447-35AD-B7C8-27F17AE220CF} = {6B37868A-D447-35AD-B7C8-27F17AE220CF}
	EndProjectSection
EndProject
Project("{8BC9CEB8-8B4A-11D0-8D11-00A0C91BC942}") = "Experimental", "Experimental.vcxproj", "{1AEB5826-AF8D-3108-9C90-6515BA8D3379}"
	ProjectSection(ProjectDependencies) = postProject
		{6B37868A-D447-35AD-B7C8-27F17AE220CF} = {6B37868A-D447-35AD-B7C8-27F17AE220CF}
	EndProjectSection
EndProject
Project("{8BC9CEB8-8B4A-11D0-8D11-00A0C91BC942}") = "Nightly", "Nightly.vcxproj", "{4CC205CA-3A72-33CD-8862-150E57CC3769}"
	ProjectSection(ProjectDependencies) = postProject
		{6B37868A-D447-35AD-B7C8-27F17AE220CF} = {6B37868A-D447-35AD-B7C8-27F17AE220CF}
	EndProjectSection
EndProject
Project("{8BC9CEB8-8B4A-11D0-8D11-00A0C91BC942}") = "NightlyMemoryCheck", "NightlyMemoryCheck.vcxproj", "{60EE7557-18EA-3CE1-ACD7-A4CA70E986DD}"
	ProjectSection(ProjectDependencies) = postProject
		{6B37868A-D447-35AD-B7C8-27F17AE220CF} = {6B37868A-D447-35AD-B7C8-27F17AE220CF}
	EndProjectSection
EndProject
Project("{8BC9CEB8-8B4A-11D0-8D11-00A0C91BC942}") = "PACKAGE", "PACKAGE.vcxproj", "{C377C602-0BCF-36CD-A2D3-8AEEB1D4F88B}"
	ProjectSection(ProjectDependencies) = postProject
		{2ED191F5-E42C-3C7D-ACAB-39533DAB6E2E} = {2ED191F5-E42C-3C7D-ACAB-39533DAB6E2E}
		{6B37868A-D447-35AD-B7C8-27F17AE220CF} = {6B37868A-D447-35AD-B7C8-27F17AE220CF}
	EndProjectSection
EndProject
Project("{8BC9CEB8-8B4A-11D0-8D11-00A0C91BC942}") = "RUN_TESTS", "RUN_TESTS.vcxproj", "{1F0802DC-7B48-3D5D-940D-C5A3302AE233}"
	ProjectSection(ProjectDependencies) = postProject
		{6B37868A-D447-35AD-B7C8-27F17AE220CF} = {6B37868A-D447-35AD-B7C8-27F17AE220CF}
	EndProjectSection
EndProject
Project("{8BC9CEB8-8B4A-11D0-8D11-00A0C91BC942}") = "ZERO_CHECK", "ZERO_CHECK.vcxproj", "{6B37868A-D447-35AD-B7C8-27F17AE220CF}"
	ProjectSection(ProjectDependencies) = postProject
	EndProjectSection
EndProject
Project("{8BC9CEB8-8B4A-11D0-8D11-00A0C91BC942}") = "cvtest", "cvtest.vcxproj", "{5AA88402-3189-311E-BAEB-B0CC3101BB41}"
	ProjectSection(ProjectDependencies) = postProject
		{6B37868A-D447-35AD-B7C8-27F17AE220CF} = {6B37868A-D447-35AD-B7C8-27F17AE220CF}
	EndProjectSection
EndProject
Global
	GlobalSection(SolutionConfigurationPlatforms) = preSolution
		Debug|x64 = Debug|x64
		Release|x64 = Release|x64
		MinSizeRel|x64 = MinSizeRel|x64
		RelWithDebInfo|x64 = RelWithDebInfo|x64
	EndGlobalSection
	GlobalSection(ProjectConfigurationPlatforms) = postSolution
		{2ED191F5-E42C-3C7D-ACAB-39533DAB6E2E}.Debug|x64.ActiveCfg = Debug|x64
		{2ED191F5-E42C-3C7D-ACAB-39533DAB6E2E}.Debug|x64.Build.0 = Debug|x64
		{2ED191F5-E42C-3C7D-ACAB-39533DAB6E2E}.Release|x64.ActiveCfg = Release|x64
		{2ED191F5-E42C-3C7D-ACAB-39533DAB6E2E}.Release|x64.Build.0 = Release|x64
		{2ED191F5-E42C-3C7D-ACAB-39533DAB6E2E}.MinSizeRel|x64.ActiveCfg = MinSizeRel|x64
		{2ED191F5-E42C-3C7D-ACAB-39533DAB6E2E}.MinSizeRel|x64.Build.0 = MinSizeRel|x64
		{2ED191F5-E42C-3C7D-ACAB-39533DAB6E2E}.RelWithDebInfo|x64.ActiveCfg = RelWithDebInfo|x64
		{2ED191F5-E42C-3C7D-ACAB-39533DAB6E2E}.RelWithDebInfo|x64.Build.0 = RelWithDebInfo|x64
		{A30EB0D9-87BB-39A5-8FAF-5958091ECD5A}.Debug|x64.ActiveCfg = Debug|x64
		{A30EB0D9-87BB-39A5-8FAF-5958091ECD5A}.Release|x64.ActiveCfg = Release|x64
		{A30EB0D9-87BB-39A5-8FAF-5958091ECD5A}.MinSizeRel|x64.ActiveCfg = MinSizeRel|x64
		{A30EB0D9-87BB-39A5-8FAF-5958091ECD5A}.RelWithDebInfo|x64.ActiveCfg = RelWithDebInfo|x64
		{1AEB5826-AF8D-3108-9C90-6515BA8D3379}.Debug|x64.ActiveCfg = Debug|x64
		{1AEB5826-AF8D-3108-9C90-6515BA8D3379}.Release|x64.ActiveCfg = Release|x64
		{1AEB5826-AF8D-3108-9C90-6515BA8D3379}.MinSizeRel|x64.ActiveCfg = MinSizeRel|x64
		{1AEB5826-AF8D-3108-9C90-6515BA8D3379}.RelWithDebInfo|x64.ActiveCfg = RelWithDebInfo|x64
		{4CC205CA-3A72-33CD-8862-150E57CC3769}.Debug|x64.ActiveCfg = Debug|x64
		{4CC205CA-3A72-33CD-8862-150E57CC3769}.Release|x64.ActiveCfg = Release|x64
		{4CC205CA-3A72-33CD-8862-150E57CC3769}.MinSizeRel|x64.ActiveCfg = MinSizeRel|x64
		{4CC205CA-3A72-33CD-8862-150E57CC3769}.RelWithDebInfo|x64.ActiveCfg = RelWithDebInfo|x64
		{60EE7557-18EA-3CE1-ACD7-A4CA70E986DD}.Debug|x64.ActiveCfg = Debug|x64
		{60EE7557-18EA-3CE1-ACD7-A4CA70E986DD}.Release|x64.ActiveCfg = Release|x64
		{60EE7557-18EA-3CE1-ACD7-A4CA70E986DD}.MinSizeRel|x64.ActiveCfg = MinSizeRel|x64
		{60EE7557-18EA-3CE1-ACD7-A4CA70E986DD}.RelWithDebInfo|x64.ActiveCfg = RelWithDebInfo|x64
		{C377C602-0BCF-36CD-A2D3-8AEEB1D4F88B}.Debug|x64.ActiveCfg = Debug|x64
		{C377C602-0BCF-36CD-A2D3-8AEEB1D4F88B}.Release|x64.ActiveCfg = Release|x64
		{C377C602-0BCF-36CD-A2D3-8AEEB1D4F88B}.MinSizeRel|x64.ActiveCfg = MinSizeRel|x64
		{C377C602-0BCF-36CD-A2D3-8AEEB1D4F88B}.RelWithDebInfo|x64.ActiveCfg = RelWithDebInfo|x64
		{1F0802DC-7B48-3D5D-940D-C5A3302AE233}.Debug|x64.ActiveCfg = Debug|x64
		{1F0802DC-7B48-3D5D-940D-C5A3302AE233}.Release|x64.ActiveCfg = Release|x64
		{1F0802DC-7B48-3D5D-940D-C5A3302AE233}.MinSizeRel|x64.ActiveCfg = MinSizeRel|x64
		{1F0802DC-7B48-3D5D-940D-C5A3302AE233}.RelWithDebInfo|x64.ActiveCfg = RelWithDebInfo|x64
		{6B37868A-D447-35AD-B7C8-27F17AE220CF}.Debug|x64.ActiveCfg = Debug|x64
		{6B37868A-D447-35AD-B7C8-27F17AE220CF}.Debug|x64.Build.0 = Debug|x64
		{6B37868A-D447-35AD-B7C8-27F17AE220CF}.Release|x64.ActiveCfg = Release|x64
		{6B37868A-D447-35AD-B7C8-27F17AE220CF}.Release|x64.Build.0 = Release|x64
		{6B37868A-D447-35AD-B7C8-27F17AE220CF}.MinSizeRel|x64.ActiveCfg = MinSizeRel|x64
		{6B37868A-D447-35AD-B7C8-27F17AE220CF}.MinSizeRel|x64.Build.0 = MinSizeRel|x64
		{6B37868A-D447-35AD-B7C8-27F17AE220CF}.RelWithDebInfo|x64.ActiveCfg = RelWithDebInfo|x64
		{6B37868A-D447-35AD-B7C8-27F17AE220CF}.RelWithDebInfo|x64.Build.0 = RelWithDebInfo|x64
		{5AA88402-3189-311E-BAEB-B0CC3101BB41}.Debug|x64.ActiveCfg = Debug|x64
		{5AA88402-3189-311E-BAEB-B0CC3101BB41}.Debug|x64.Build.0 = Debug|x64
		{5AA88402-3189-311E-BAEB-B0CC3101BB41}.Release|x64.ActiveCfg = Release|x64
		{5AA88402-3189-311E-BAEB-B0CC3101BB41}.Release|x64.Build.0 = Release|x64
		{5AA88402-3189-311E-BAEB-B0CC3101BB41}.MinSizeRel|x64.ActiveCfg = MinSizeRel|x64
		{5AA88402-3189-311E-BAEB-B0CC3101BB41}.MinSizeRel|x64.Build.0 = MinSizeRel|x64
		{5AA88402-3189-311E-BAEB-B0CC3101BB41}.RelWithDebInfo|x64.ActiveCfg = RelWithDebInfo|x64
		{5AA88402-3189-311E-BAEB-B0CC3101BB41}.RelWithDebInfo|x64.Build.0 = RelWithDebInfo|x64
	EndGlobalSection
	GlobalSection(NestedProjects) = preSolution
		{2ED191F5-E42C-3C7D-ACAB-39533DAB6E2E} = {19FDB026-23E4-37EA-B223-BDF538A72AC2}
		{C377C602-0BCF-36CD-A2D3-8AEEB1D4F88B} = {19FDB026-23E4-37EA-B223-BDF538A72AC2}
		{1F0802DC-7B48-3D5D-940D-C5A3302AE233} = {19FDB026-23E4-37EA-B223-BDF538A72AC2}
		{6B37868A-D447-35AD-B7C8-27F17AE220CF} = {19FDB026-23E4-37EA-B223-BDF538A72AC2}
		{A30EB0D9-87BB-39A5-8FAF-5958091ECD5A} = {5AEF5CF7-F3C8-3B85-888F-CEC55CBE63D9}
		{1AEB5826-AF8D-3108-9C90-6515BA8D3379} = {5AEF5CF7-F3C8-3B85-888F-CEC55CBE63D9}
		{4CC205CA-3A72-33CD-8862-150E57CC3769} = {5AEF5CF7-F3C8-3B85-888F-CEC55CBE63D9}
		{60EE7557-18EA-3CE1-ACD7-A4CA70E986DD} = {5AEF5CF7-F3C8-3B85-888F-CEC55CBE63D9}
	EndGlobalSection
	GlobalSection(ExtensibilityGlobals) = postSolution
		SolutionGuid = {5CEFE2A4-3236-3F7A-8C5B-E839E7233E18}
	EndGlobalSection
	GlobalSection(ExtensibilityAddIns) = postSolution
	EndGlobalSection
EndGlobal
